
Microsoft Visual Studio Solution File, Format Version 12.00
# Visual Studio Version 16
VisualStudioVersion = 16.0.30907.101
MinimumVisualStudioVersion = 10.0.40219.1
Project("{9A19103F-16F7-4668-BE54-9A1E7A4F7556}") = "SportsStore", "SportsStore.csproj", "{611A0D5B-3244-40D1-A04E-AB3639DF94C1}"
EndProject
Global
	GlobalSection(SolutionConfigurationPlatforms) = preSolution
		Debug|Any CPU = Debug|Any CPU
		Release|Any CPU = Release|Any CPU
	EndGlobalSection
	GlobalSection(ProjectConfigurationPlatforms) = postSolution
		{611A0D5B-3244-40D1-A04E-AB3639DF94C1}.Debug|Any CPU.ActiveCfg = Debug|Any CPU
		{611A0D5B-3244-40D1-A04E-AB3639DF94C1}.Debug|Any CPU.Build.0 = Debug|Any CPU
		{611A0D5B-3244-40D1-A04E-AB3639DF94C1}.Release|Any CPU.ActiveCfg = Release|Any CPU
		{611A0D5B-3244-40D1-A04E-AB3639DF94C1}.Release|Any CPU.Build.0 = Release|Any CPU
	EndGlobalSection
	GlobalSection(SolutionProperties) = preSolution
		HideSolutionNode = FALSE
	EndGlobalSection
	GlobalSection(ExtensibilityGlobals) = postSolution
		SolutionGuid = {96581594-A460-42B4-82CD-D1163F8E66AB}
	EndGlobalSection
EndGlobal
